lockfileVersion: '9.0'

settings:
  autoInstallPeers: true
  excludeLinksFromLockfile: false

importers:

  .:
    dependencies:
      react:
        specifier: ^18.2.0
        version: 18.3.1
      react-dom:
        specifier: ^18.2.0
        version: 18.3.1(react@18.3.1)
    devDependencies:
      '@types/react':
        specifier: ^18.0.24
        version: 18.3.31
      '@types/react-dom':
        specifier: ^18.0.8
        version: 18.3.7(@types/react@18.3.31)
      '@vitejs/plugin-react':
        specifier: ^2.2.0
        version: 2.2.0(vite@3.2.11)
      vite:
        specifier: ^3.2.3
        version: 3.2.11

packages:

  '@babel/code-frame@7.29.7':
    resolution: {integrity: sha512-Aup7aUOfpbAUg2ROOJN6Iw5f9DMBlzu0mIkm/malLQFN/YQgO48wCj0Kxa3sEHJvPVFg7siR+qRInwXd2qhQKw==}
    engines: {node: '>=6.9.0'}

  '@babel/compat-data@7.29.7':
    resolution: {integrity: sha512-locTkQyKvwIEgBzVrn8693ebc97F2U8ZHjbXwDXJ5Fn2TCpNwTlKcaKLkdHop5c/icOFE7qt7Q9JC5hnKNa6Gg==}
    engines: {node: '>=6.9.0'}

  '@babel/core@7.29.7':
    resolution: {integrity: sha512-RgHBCvtjbOK2gXSNBNIkNoEc9qoVEtau3hj8gEqKQuL3HZAibKarWFEI3Lfm6EYKkLalOh8eSrj9b+ch9H/VBA==}
    engines: {node: '>=6.9.0'}

  '@babel/generator@7.29.8':
    resolution: {integrity: sha512-gZbepsdh3WDtgZKWL+vTPh71LSBrm/Y4/QDZBVCcYfmeTEEuoOYwlSy+G1StfJg+/Zy550u/3TATbm7qDbbMtg==}
    engines: {node: '>=6.9.0'}

  '@babel/helper-annotate-as-pure@7.29.7':
    resolution: {integrity: sha512-OoK6239jHPuSQOoS0kfTVKn0b/rVTk0seKq4Gd2UMLtmOVLjDC0ki3e+c90Trqv2gMfvJFqkiljrr568+qddiw==}
    engines: {node: '>=6.9.0'}

  '@babel/helper-compilation-targets@7.29.7':
    resolution: {integrity: sha512-wem6WaBj4NaVYVdNhLPPVacES6ZJ+KBBfSkTMD3YZxbP3rm3Di85tJU5ljaUNhaOynt+Aj0xruhYuzQBt8n71g==}
    engines: {node: '>=6.9.0'}

  '@babel/helper-globals@7.29.7':
    resolution: {integrity: sha512-3nQVUAtvkKH9zahfWgw96Jc/uFOmjACE1kQz82E2lqWmHBgjzbNlsC22nuQTfahmWeQtTq5nQ/4Nnd2A1wj4zA==}
    engines: {node: '>=6.9.0'}

  '@babel/helper-module-imports@7.29.7':
    resolution: {integrity: sha512-ejHwrQQYcm9xnTivShn2IDOlIzInN34AXskvq9QicvCtEzq1Vzclu/tKF8Jq1Cg8JG2GL6/EmjgsCT7lXepE3g==}
    engines: {node: '>=6.9.0'}

  '@babel/helper-module-transforms@7.29.7':
    resolution: {integrity: sha512-UPUVSyXbOh627KiCIGQSgwWzGeBKLkaJ9PJEdrngIwMSzxLR4jS4+f1f1jb7VzBbg8nFLaYotvVPFCTqdrmTAg==}
    engines: {node: '>=6.9.0'}
    peerDependencies:
      '@babel/core': ^7.0.0

  '@babel/helper-plugin-utils@7.29.7':
    resolution: {integrity: sha512-G7sHYigPY17oO5SYWnfD/0MTBwVR781S/JI643e/JhUYgVgWE/61SoW3NH9KWUKyKq5LVh3npif99Wkt6j86Jw==}
    engines: {node: '>=6.9.0'}

  '@babel/helper-string-parser@7.29.7':
    resolution: {integrity: sha512-Pb5ijPrZ89GDH8223L4UP8i6QApWxs04RbPQJTeWDV0/keR2E36MeKnyr6LYmUUvqRRI+Iv87SuF1W6ErINzYw==}
    engines: {node: '>=6.9.0'}

  '@babel/helper-validator-identifier@7.29.7':
    resolution: {integrity: sha512-qehxGkRj55h/ff8EMaJ+cYhyaKlHIxqYDn682wQD7RNp9UujOQsHog2uS0r2vzr4pW+sXf90NeeayjcNaX3fFg==}
    engines: {node: '>=6.9.0'}

  '@babel/helper-validator-option@7.29.7':
    resolution: {integrity: sha512-N9ZErrD+yW5geCDtBqnOoxmR8+tNKiGuxKlDpuJxfsqpa2dFcexaziGAE/qoHLiDDreVNMupxGmSoNlyvsA3gw==}
    engines: {node: '>=6.9.0'}

  '@babel/helpers@7.29.7':
    resolution: {integrity: sha512-1k2lAGRMfHTcwuNYcCNUmaUffmQv8KWMfh2iJUUeRlwlwH4FdNG7mfPI10NPfLHJFThE4Tyr4mv7kTNZOiPuBg==}
    engines: {node: '>=6.9.0'}

  '@babel/parser@7.29.8':
    resolution: {integrity: sha512-E8lTAYNB1KW+FH+VGJuZM1ioAx2E6oVlvQFRrf5P8ZZmsiJXYAD9vTFV7yyEURNzgh1dFqMZuO6tUwcARbqFCA==}
    engines: {node: '>=6.0.0'}
    hasBin: true

  '@babel/plugin-syntax-jsx@7.29.7':
    resolution: {integrity: sha512-TSu8+mHCoEaaCDEZ0I3+6mvTBYR4PCxQwf2z9/r5Tbztv6NaLR3B9thGTTxX2WGuGHJqRiAbKPeGTJ5XWXVg6A==}
    engines: {node: '>=6.9.0'}
    peerDependencies:
      '@babel/core': ^7.0.0-0

  '@babel/plugin-transform-react-jsx-development@7.29.7':
    resolution: {integrity: sha512-Xfy3UVMF04+ypnFbkhvfqtmvwfe92qwQdbGZVonhE+6v35GzlofmOnA1szaZqzb9xYWr0nl1e5EMmzi0DNON1g==}
    engines: {node: '>=6.9.0'}
    peerDependencies:
      '@babel/core': ^7.0.0-0

  '@babel/plugin-transform-react-jsx-self@7.29.7':
    resolution: {integrity: sha512-TL0hMc9xzy86VD31nUiwzd5otRAcyEPcsegCxolO0PvcXuH1v0kECe/UIznYFihpkvU5wg/jk4v0TTEFfm53fw==}
    engines: {node: '>=6.9.0'}
    peerDependencies:
      '@babel/core': ^7.0.0-0

  '@babel/plugin-transform-react-jsx-source@7.29.7':
    resolution: {integrity: sha512-06IyK09H3wi4cGbhDBwp5gUGo0IKtnYa8tyTiephirPCK6fbobVGiXMMI5zLQ4aKEYP3wZ3ArU44o+8KMrSG/Q==}
    engines: {node: '>=6.9.0'}
    peerDependencies:
      '@babel/core': ^7.0.0-0

  '@babel/plugin-transform-react-jsx@7.29.7':
    resolution: {integrity: sha512-WsZulLVBUHXVj2cUcPVx6UE21TpalB6bHbSFErKT0Ib++ax24jjXe73FqlWvdylFOjiuPHYi6VCcgRad1ItN+A==}
    engines: {node: '>=6.9.0'}
    peerDependencies:
      '@babel/core': ^7.0.0-0

  '@babel/template@7.29.7':
    resolution: {integrity: sha512-puq+Gf35oI24FeN11LkoUQFqv9uwNeWpxXZi/Ji3rRIoKAzKnxRaZ+Gkj0vKS9ZCiTESfng1N9LyOyXvo+m+Gg==}
    engines: {node: '>=6.9.0'}

  '@babel/traverse@7.29.8':
    resolution: {integrity: sha512-I5z7H3bf/41ktsNVLtpN0wAa336HkqIHQ5BuPLEhTkt1jVSyZpeNKIzTgEWmlxjdg81R0IgUCcaE+Ok3NvrfZg==}
    engines: {node: '>=6.9.0'}

  '@babel/types@7.29.8':
    resolution: {integrity: sha512-Vj1jF3cPfxg7OAfoI7QnVKLoILlm2JF9pnVHrX8qx7AHMiYWT+NDAA7jChlNgRS4WTLc/fD1lXLmPixluj+3Gg==}
    engines: {node: '>=6.9.0'}

  '@esbuild/android-arm@0.15.18':
    resolution: {integrity: sha512-5GT+kcs2WVGjVs7+boataCkO5Fg0y4kCjzkB5bAip7H4jfnOS3dA6KPiww9W1OEKTKeAcUVhdZGvgI65OXmUnw==}
    engines: {node: '>=12'}
    cpu: [arm]
    os: [android]

  '@esbuild/linux-loong64@0.15.18':
    resolution: {integrity: sha512-L4jVKS82XVhw2nvzLg/19ClLWg0y27ulRwuP7lcyL6AbUWB5aPglXY3M21mauDQMDfRLs8cQmeT03r/+X3cZYQ==}
    engines: {node: '>=12'}
    cpu: [loong64]
    os: [linux]

  '@jridgewell/gen-mapping@0.3.13':
    resolution: {integrity: sha512-2kkt/7niJ6MgEPxF0bYdQ6etZaA+fQvDcLKckhy1yIQOzaoKjBBjSj63/aLVjYE3qhRt5dvM+uUyfCg6UKCBbA==}

  '@jridgewell/remapping@2.3.5':
    resolution: {integrity: sha512-LI9u/+laYG4Ds1TDKSJW2YPrIlcVYOwi2fUC6xB43lueCjgxV4lffOCZCtYFiH6TNOX+tQKXx97T4IKHbhyHEQ==}

  '@jridgewell/resolve-uri@3.1.2':
    resolution: {integrity: sha512-bRISgCIjP20/tbWSPWMEi54QVPRZExkuD9lJL+UIxUKtwVJA8wW1Trb1jMs1RFXo1CBTNZ/5hpC9QvmKWdopKw==}
    engines: {node: '>=6.0.0'}

  '@jridgewell/sourcemap-codec@1.5.5':
    resolution: {integrity: sha512-cYQ9310grqxueWbl+WuIUIaiUaDcj7WOq5fVhEljNVgRfOUhY9fy2zTvfoqWsnebh8Sl70VScFbICvJnLKB0Og==}

  '@jridgewell/trace-mapping@0.3.31':
    resolution: {integrity: sha512-zzNR+SdQSDJzc8joaeP8QQoCQr8NuYx2dIIytl1QeBEZHJ9uW6hebsrYgbz8hJwUQao3TWCMtmfV8Nu1twOLAw==}

  '@types/prop-types@15.7.15':
    resolution: {integrity: sha512-F6bEyamV9jKGAFBEmlQnesRPGOQqS2+Uwi0Em15xenOxHaf2hv6L8YCVn3rPdPJOiJfPiCnLIRyvwVaqMY3MIw==}

  '@types/react-dom@18.3.7':
    resolution: {integrity: sha512-MEe3UeoENYVFXzoXEWsvcpg6ZvlrFNlOQ7EOsvhI3CfAXwzPfO8Qwuxd40nepsYKqyyVQnTdEfv68q91yLcKrQ==}
    peerDependencies:
      '@types/react': ^18.0.0

  '@types/react@18.3.31':
    resolution: {integrity: sha512-vfEqpXTvwT91yhmwdfouStN2hSKwTvyRs8qpLfADyrq/kxDw0hZM7Wk9Ug1FELj8hIby+S/+kQCSRFF32nv2Qw==}

  '@vitejs/plugin-react@2.2.0':
    resolution: {integrity: sha512-FFpefhvExd1toVRlokZgxgy2JtnBOdp4ZDsq7ldCWaqGSGn9UhWMAVm/1lxPL14JfNS5yGz+s9yFrQY6shoStA==}
    engines: {node: ^14.18.0 || >=16.0.0}
    peerDependencies:
      vite: ^3.0.0

  baseline-browser-mapping@2.11.15:
    resolution: {integrity: sha512-FwMjJJ7HnyZpWe+oWxegG0fezZyBZUagI5LZEoO3GCbtbKNwRfMH9Ue5d5v01PNePBy1QSfPSDTTeVL0Hb9EzA==}
    engines: {node: '>=6.0.0'}
    hasBin: true

  browserslist@4.28.8:
    resolution: {integrity: sha512-V2NpofLblG64mfOtSgDhOJESZEGogzDMBv/q+W6oc4LXWP/q75eOXoOaaOu1EOadB9U4Bwx/e0yzbvwKH8zalA==}
    engines: {node: ^6 || ^7 || ^8 || ^9 || ^10 || ^11 || ^12 || >=13.7}
    hasBin: true

  caniuse-lite@1.0.30001809:
    resolution: {integrity: sha512-xxWVywk6a6Arlk+hymeycyn/VgqEfLDxupvhH/xiY5SJ/18kmi9o6MiO320DCUzypORHLtvh0I4i04tUhCNHNQ==}

  convert-source-map@2.0.0:
    resolution: {integrity: sha512-Kvp459HrV2FEJ1CAsi1Ku+MY3kasH19TFykTz2xWmMeq6bk2NU3XXvfJ+Q61m0xktWwt+1HSYf3JZsTms3aRJg==}

  csstype@3.2.3:
    resolution: {integrity: sha512-z1HGKcYy2xA8AGQfwrn0PAy+PB7X/GSj3UVJW9qKyn43xWa+gl5nXmU4qqLMRzWVLFC8KusUX8T/0kCiOYpAIQ==}

  debug@4.4.3:
    resolution: {integrity: sha512-RGwwWnwQvkVfavKVt22FGLw+xYSdzARwm0ru6DhTVA3umU5hZc28V3kO4stgYryrTlLpuvgI9GiijltAjNbcqA==}
    engines: {node: '>=6.0'}
    peerDependencies:
      supports-color: '*'
    peerDependenciesMeta:
      supports-color:
        optional: true

  electron-to-chromium@1.5.409:
    resolution: {integrity: sha512-ChI4N44d0B4A6C8prnNjMOaGgE59fUyEVYcRYm2XEXIjMbbvF5i9UL1cblDbpGqiU0uS8FE8UcKxqZqTXdmzbQ==}

  es-errors@1.3.0:
    resolution: {integrity: sha512-Zf5H2Kxt2xjTvbJvP2ZWLEICxA6j+hAmMzIlypy4xcBg1vKVnx89Wy0GbS+kf5cwCVFFzdCFh2XSCFNULS6csw==}
    engines: {node: '>= 0.4'}

  esbuild-android-64@0.15.18:
    resolution: {integrity: sha512-wnpt3OXRhcjfIDSZu9bnzT4/TNTDsOUvip0foZOUBG7QbSt//w3QV4FInVJxNhKc/ErhUxc5z4QjHtMi7/TbgA==}
    engines: {node: '>=12'}
    cpu: [x64]
    os: [android]

  esbuild-android-arm64@0.15.18:
    resolution: {integrity: sha512-G4xu89B8FCzav9XU8EjsXacCKSG2FT7wW9J6hOc18soEHJdtWu03L3TQDGf0geNxfLTtxENKBzMSq9LlbjS8OQ==}
    engines: {node: '>=12'}
    cpu: [arm64]
    os: [android]

  esbuild-darwin-64@0.15.18:
    resolution: {integrity: sha512-2WAvs95uPnVJPuYKP0Eqx+Dl/jaYseZEUUT1sjg97TJa4oBtbAKnPnl3b5M9l51/nbx7+QAEtuummJZW0sBEmg==}
    engines: {node: '>=12'}
    cpu: [x64]
    os: [darwin]

  esbuild-darwin-arm64@0.15.18:
    resolution: {integrity: sha512-tKPSxcTJ5OmNb1btVikATJ8NftlyNlc8BVNtyT/UAr62JFOhwHlnoPrhYWz09akBLHI9nElFVfWSTSRsrZiDUA==}
    engines: {node: '>=12'}
    cpu: [arm64]
    os: [darwin]

  esbuild-freebsd-64@0.15.18:
    resolution: {integrity: sha512-TT3uBUxkteAjR1QbsmvSsjpKjOX6UkCstr8nMr+q7zi3NuZ1oIpa8U41Y8I8dJH2fJgdC3Dj3CXO5biLQpfdZA==}
    engines: {node: '>=12'}
    cpu: [x64]
    os: [freebsd]

  esbuild-freebsd-arm64@0.15.18:
    resolution: {integrity: sha512-R/oVr+X3Tkh+S0+tL41wRMbdWtpWB8hEAMsOXDumSSa6qJR89U0S/PpLXrGF7Wk/JykfpWNokERUpCeHDl47wA==}
    engines: {node: '>=12'}
    cpu: [arm64]
    os: [freebsd]

  esbuild-linux-32@0.15.18:
    resolution: {integrity: sha512-lphF3HiCSYtaa9p1DtXndiQEeQDKPl9eN/XNoBf2amEghugNuqXNZA/ZovthNE2aa4EN43WroO0B85xVSjYkbg==}
    engines: {node: '>=12'}
    cpu: [ia32]
    os: [linux]

  esbuild-linux-64@0.15.18:
    resolution: {integrity: sha512-hNSeP97IviD7oxLKFuii5sDPJ+QHeiFTFLoLm7NZQligur8poNOWGIgpQ7Qf8Balb69hptMZzyOBIPtY09GZYw==}
    engines: {node: '>=12'}
    cpu: [x64]
    os: [linux]

  esbuild-linux-arm64@0.15.18:
    resolution: {integrity: sha512-54qr8kg/6ilcxd+0V3h9rjT4qmjc0CccMVWrjOEM/pEcUzt8X62HfBSeZfT2ECpM7104mk4yfQXkosY8Quptug==}
    engines: {node: '>=12'}
    cpu: [arm64]
    os: [linux]

  esbuild-linux-arm@0.15.18:
    resolution: {integrity: sha512-UH779gstRblS4aoS2qpMl3wjg7U0j+ygu3GjIeTonCcN79ZvpPee12Qun3vcdxX+37O5LFxz39XeW2I9bybMVA==}
    engines: {node: '>=12'}
    cpu: [arm]
    os: [linux]

  esbuild-linux-mips64le@0.15.18:
    resolution: {integrity: sha512-Mk6Ppwzzz3YbMl/ZZL2P0q1tnYqh/trYZ1VfNP47C31yT0K8t9s7Z077QrDA/guU60tGNp2GOwCQnp+DYv7bxQ==}
    engines: {node: '>=12'}
    cpu: [mips64el]
    os: [linux]

  esbuild-linux-ppc64le@0.15.18:
    resolution: {integrity: sha512-b0XkN4pL9WUulPTa/VKHx2wLCgvIAbgwABGnKMY19WhKZPT+8BxhZdqz6EgkqCLld7X5qiCY2F/bfpUUlnFZ9w==}
    engines: {node: '>=12'}
    cpu: [ppc64]
    os: [linux]

  esbuild-linux-riscv64@0.15.18:
    resolution: {integrity: sha512-ba2COaoF5wL6VLZWn04k+ACZjZ6NYniMSQStodFKH/Pu6RxzQqzsmjR1t9QC89VYJxBeyVPTaHuBMCejl3O/xg==}
    engines: {node: '>=12'}
    cpu: [riscv64]
    os: [linux]

  esbuild-linux-s390x@0.15.18:
    resolution: {integrity: sha512-VbpGuXEl5FCs1wDVp93O8UIzl3ZrglgnSQ+Hu79g7hZu6te6/YHgVJxCM2SqfIila0J3k0csfnf8VD2W7u2kzQ==}
    engines: {node: '>=12'}
    cpu: [s390x]
    os: [linux]

  esbuild-netbsd-64@0.15.18:
    resolution: {integrity: sha512-98ukeCdvdX7wr1vUYQzKo4kQ0N2p27H7I11maINv73fVEXt2kyh4K4m9f35U1K43Xc2QGXlzAw0K9yoU7JUjOg==}
    engines: {node: '>=12'}
    cpu: [x64]
    os: [netbsd]

  esbuild-openbsd-64@0.15.18:
    resolution: {integrity: sha512-yK5NCcH31Uae076AyQAXeJzt/vxIo9+omZRKj1pauhk3ITuADzuOx5N2fdHrAKPxN+zH3w96uFKlY7yIn490xQ==}
    engines: {node: '>=12'}
    cpu: [x64]
    os: [openbsd]

  esbuild-sunos-64@0.15.18:
    resolution: {integrity: sha512-On22LLFlBeLNj/YF3FT+cXcyKPEI263nflYlAhz5crxtp3yRG1Ugfr7ITyxmCmjm4vbN/dGrb/B7w7U8yJR9yw==}
    engines: {node: '>=12'}
    cpu: [x64]
    os: [sunos]

  esbuild-windows-32@0.15.18:
    resolution: {integrity: sha512-o+eyLu2MjVny/nt+E0uPnBxYuJHBvho8vWsC2lV61A7wwTWC3jkN2w36jtA+yv1UgYkHRihPuQsL23hsCYGcOQ==}
    engines: {node: '>=12'}
    cpu: [ia32]
    os: [win32]

  esbuild-windows-64@0.15.18:
    resolution: {integrity: sha512-qinug1iTTaIIrCorAUjR0fcBk24fjzEedFYhhispP8Oc7SFvs+XeW3YpAKiKp8dRpizl4YYAhxMjlftAMJiaUw==}
    engines: {node: '>=12'}
    cpu: [x64]
    os: [win32]

  esbuild-windows-arm64@0.15.18:
    resolution: {integrity: sha512-q9bsYzegpZcLziq0zgUi5KqGVtfhjxGbnksaBFYmWLxeV/S1fK4OLdq2DFYnXcLMjlZw2L0jLsk1eGoB522WXQ==}
    engines: {node: '>=12'}
    cpu: [arm64]
    os: [win32]

  esbuild@0.15.18:
    resolution: {integrity: sha512-x/R72SmW3sSFRm5zrrIjAhCeQSAWoni3CmHEqfQrZIQTM3lVCdehdwuIqaOtfC2slvpdlLa62GYoN8SxT23m6Q==}
    engines: {node: '>=12'}
    hasBin: true

  escalade@3.2.0:
    resolution: {integrity: sha512-WUj2qlxaQtO4g6Pq5c29GTcWGDyd8itL8zTlipgECz3JesAiiOKotd8JU6otB3PACgG6xkJUyVhboMS+bje/jA==}
    engines: {node: '>=6'}

  fsevents@2.3.3:
    resolution: {integrity: sha512-5xoDfX+fL7faATnagmWPpbFtwh/R77WmMMqqHGS65C3vvB0YHrgF+B1YmZ3441tMj5n63k0212XNoJwzlhffQw==}
    engines: {node: ^8.16.0 || ^10.6.0 || >=11.0.0}
    os: [darwin]

  function-bind@1.1.2:
    resolution: {integrity: sha512-7XHNxH7qX9xG5mIwxkhumTox/MIRNcOgDrxWsMt2pAr23WHp6MrRlN7FBSFpCpr+oVO0F744iUgR82nJMfG2SA==}

  gensync@1.0.0-beta.2:
    resolution: {integrity: sha512-3hN7NaskYvMDLQY55gnW3NQ+mesEAepTqlg+VEbj7zzqEMBVNhzcGYYeqFo/TlYz6eQiFcp1HcsCZO+nGgS8zg==}
    engines: {node: '>=6.9.0'}

  hasown@2.0.4:
    resolution: {integrity: sha512-T2UbfbBEF32wiepXIsMlTW9+dDYC6wMh/t/vYA4tuOMKqWz/n3vr1NFSxQiyP+zk2mXsoMA/i/7qV6LKut1t1A==}
    engines: {node: '>= 0.4'}

  is-core-module@2.16.2:
    resolution: {integrity: sha512-evOr8xfXKxE6qSR0hSXL2r3sd7ALj8+7jQEUvPYcm5sgZFdJ+AYzT6yNmJenvIYQBgIGwfwz08sL8zoL7yq2BA==}
    engines: {node: '>= 0.4'}

  js-tokens@4.0.0:
    resolution: {integrity: sha512-RdJUflcE3cUzKiMqQgsCu06FPu9UdIJO0beYbPhHN4k6apgJtifcoCtT9bcxOpYBtpD2kCM6Sbzg4CausW/PKQ==}

  jsesc@3.1.0:
    resolution: {integrity: sha512-/sM3dO2FOzXjKQhJuo0Q173wf2KOo8t4I8vHy6lF9poUp7bKT0/NHE8fPX23PwfhnykfqnC2xRxOnVw5XuGIaA==}
    engines: {node: '>=6'}
    hasBin: true

  json5@2.2.3:
    resolution: {integrity: sha512-XmOWe7eyHYH14cLdVPoyg+GOH3rYX++KpzrylJwSW98t3Nk+U8XOl8FWKOgwtzdb8lXGf6zYwDUzeHMWfxasyg==}
    engines: {node: '>=6'}
    hasBin: true

  loose-envify@1.4.0:
    resolution: {integrity: sha512-lyuxPGr/Wfhrlem2CL/UcnUc1zcqKAImBDzukY7Y5F/yQiNdko6+fRLevlw1HgMySw7f611UIY408EtxRSoK3Q==}
    hasBin: true

  lru-cache@5.1.1:
    resolution: {integrity: sha512-KpNARQA3Iwv+jTA0utUVVbrh+Jlrr1Fv0e56GGzAFOXN7dk/FviaDW8LHmK52DlcH4WP2n6gI8vN1aesBFgo9w==}

  magic-string@0.26.7:
    resolution: {integrity: sha512-hX9XH3ziStPoPhJxLq1syWuZMxbDvGNbVchfrdCtanC7D13888bMFow61x8axrx+GfHLtVeAx2kxL7tTGRl+Ow==}
    engines: {node: '>=12'}

  ms@2.1.3:
    resolution: {integrity: sha512-6FlzubTLZG3J2a/NVCAleEhjzq5oxgHyaCU9yYXvcLsvoVaHJq/s5xXI6/XXP6tz7R9xAOtHnSO/tXtF3WRTlA==}

  nanoid@3.3.18:
    resolution: {integrity: sha512-DTg4MJbGMWkfi6VZFdNt2/caMbQy4Ou+Op/hJQvGEWcnVfoA1QA+xzRKAzw9jD6+GVOOeYr/mIcuDSdug6F6+w==}
    engines: {node: ^10 || ^12 || ^13.7 || ^14 || >=15.0.1}
    hasBin: true

  node-releases@2.0.53:
    resolution: {integrity: sha512-D9UOmYG3UH1V+ENW56t5QXBwJw1YEY18ruVeus89Rw+SyIgjPkCO84bRzO3uNIYosJbNwiabWVn48o3uJLjxFQ==}
    engines: {node: '>=18'}

  path-parse@1.0.7:
    resolution: {integrity: sha512-LDJzPVEEEPR+y48z93A0Ed0yXb8pAByGWo/k5YYdYgpY2/2EsOsksJrq7lOHxryrVOn1ejG6oAp8ahvOIQD8sw==}

  picocolors@1.1.1:
    resolution: {integrity: sha512-xceH2snhtb5M9liqDsmEw56le376mTZkEX/jEb/RxNFyegNul7eNslCXP9FDj/Lcu0X8KEyMceP2ntpaHrDEVA==}

  postcss@8.5.26:
    resolution: {integrity: sha512-u82N74LFzG8ca+dD8puPnplTXoGH4fTPpVGuIbt36G3qvNlkvfD0lEAZSxaly3KX8TS/L1A1gsCEmvKmBcVbkQ==}
    engines: {node: ^10 || ^12 || >=14}

  react-dom@18.3.1:
    resolution: {integrity: sha512-5m4nQKp+rZRb09LNH59GM4BxTh9251/ylbKIbpe7TpGxfJ+9kv6BLkLBXIjjspbgbnIBNqlI23tRnTWT0snUIw==}
    peerDependencies:
      react: ^18.3.1

  react-refresh@0.14.2:
    resolution: {integrity: sha512-jCvmsr+1IUSMUyzOkRcvnVbX3ZYC6g9TDrDbFuFmRDq7PD4yaGbLKNQL6k2jnArV8hjYxh7hVhAZB6s9HDGpZA==}
    engines: {node: '>=0.10.0'}

  react@18.3.1:
    resolution: {integrity: sha512-wS+hAgJShR0KhEvPJArfuPVN1+Hz1t0Y6n5jLrGQbkb4urgPE/0Rve+1kMB1v/oWgHgm4WIcV+i7F2pTVj+2iQ==}
    engines: {node: '>=0.10.0'}

  resolve@1.22.12:
    resolution: {integrity: sha512-TyeJ1zif53BPfHootBGwPRYT1RUt6oGWsaQr8UyZW/eAm9bKoijtvruSDEmZHm92CwS9nj7/fWttqPCgzep8CA==}
    engines: {node: '>= 0.4'}
    hasBin: true

  rollup@2.80.0:
    resolution: {integrity: sha512-cIFJOD1DESzpjOBl763Kp1AH7UE/0fcdHe6rZXUdQ9c50uvgigvW97u3IcSeBwOkgqL/PXPBktBCh0KEu5L8XQ==}
    engines: {node: '>=10.0.0'}
    hasBin: true

  scheduler@0.23.2:
    resolution: {integrity: sha512-UOShsPwz7NrMUqhR6t0hWjFduvOzbtv7toDH1/hIrfRNIDBnnBWd0CwJTGvTpngVlmwGCdP9/Zl/tVrDqcuYzQ==}

  semver@6.3.1:
    resolution: {integrity: sha512-BR7VvDCVHO+q2xBEWskxS6DJE1qRnb7DxzUrogb71CWoSficBxYsiAGd+Kl0mmq/MprG9yArRkyrQxTO6XjMzA==}
    hasBin: true

  source-map-js@1.2.1:
    resolution: {integrity: sha512-UXWMKhLOwVKb728IUtQPXxfYU+usdybtUrK/8uGE8CQMvrhOpwvzDBwj0QhSL7MQc7vIsISBG8VQ8+IDQxpfQA==}
    engines: {node: '>=0.10.0'}

  sourcemap-codec@1.4.8:
    resolution: {integrity: sha512-9NykojV5Uih4lgo5So5dtw+f0JgJX30KCNI8gwhz2J9A15wD0Ml6tjHKwf6fTSa6fAdVBdZeNOs9eJ71qCk8vA==}
    deprecated: Please use @jridgewell/sourcemap-codec instead

  supports-preserve-symlinks-flag@1.0.0:
    resolution: {integrity: sha512-ot0WnXS9fgdkgIcePe6RHNk1WA8+muPa6cSjeR3V8K27q9BB1rTE3R1p7Hv0z1ZyAc8s6Vvv8DIyWf681MAt0w==}
    engines: {node: '>= 0.4'}

  update-browserslist-db@1.3.1:
    resolution: {integrity: sha512-ZZ61DsRsOnakl74HAmp3oSN4aXUmEWXf+i/yv0h7tIBfICc3VdrFErQKUUKPgu3AMsTUMbcongALEN4l6GSUrQ==}
    hasBin: true
    peerDependencies:
      browserslist: '>= 4.21.0'

  vite@3.2.11:
    resolution: {integrity: sha512-K/jGKL/PgbIgKCiJo5QbASQhFiV02X9Jh+Qq0AKCRCRKZtOTVi4t6wh75FDpGf2N9rYOnzH87OEFQNaFy6pdxQ==}
    engines: {node: ^14.18.0 || >=16.0.0}
    hasBin: true
    peerDependencies:
      '@types/node': '>= 14'
      less: '*'
      sass: '*'
      stylus: '*'
      sugarss: '*'
      terser: ^5.4.0
    peerDependenciesMeta:
      '@types/node':
        optional: true
      less:
        optional: true
      sass:
        optional: true
      stylus:
        optional: true
      sugarss:
        optional: true
      terser:
        optional: true

  yallist@3.1.1:
    resolution: {integrity: sha512-a4UGQaWPH59mOXUYnAG2ewncQS4i4F43Tv3JoAM+s2VDAmS9NsK8GpDMLrCHPksFT7h3K6TOoUNn2pb7RoXx4g==}

snapshots:

  '@babel/code-frame@7.29.7':
    dependencies:
      '@babel/helper-validator-identifier': 7.29.7
      js-tokens: 4.0.0
      picocolors: 1.1.1

  '@babel/compat-data@7.29.7': {}

  '@babel/core@7.29.7':
    dependencies:
      '@babel/code-frame': 7.29.7
      '@babel/generator': 7.29.8
      '@babel/helper-compilation-targets': 7.29.7
      '@babel/helper-module-transforms': 7.29.7(@babel/core@7.29.7)
      '@babel/helpers': 7.29.7
      '@babel/parser': 7.29.8
      '@babel/template': 7.29.7
      '@babel/traverse': 7.29.8
      '@babel/types': 7.29.8
      '@jridgewell/remapping': 2.3.5
      convert-source-map: 2.0.0
      debug: 4.4.3
      gensync: 1.0.0-beta.2
      json5: 2.2.3
      semver: 6.3.1
    transitivePeerDependencies:
      - supports-color

  '@babel/generator@7.29.8':
    dependencies:
      '@babel/parser': 7.29.8
      '@babel/types': 7.29.8
      '@jridgewell/gen-mapping': 0.3.13
      '@jridgewell/trace-mapping': 0.3.31
      jsesc: 3.1.0

  '@babel/helper-annotate-as-pure@7.29.7':
    dependencies:
      '@babel/types': 7.29.8

  '@babel/helper-compilation-targets@7.29.7':
    dependencies:
      '@babel/compat-data': 7.29.7
      '@babel/helper-validator-option': 7.29.7
      browserslist: 4.28.8
      lru-cache: 5.1.1
      semver: 6.3.1

  '@babel/helper-globals@7.29.7': {}

  '@babel/helper-module-imports@7.29.7':
    dependencies:
      '@babel/traverse': 7.29.8
      '@babel/types': 7.29.8
    transitivePeerDependencies:
      - supports-color

  '@babel/helper-module-transforms@7.29.7(@babel/core@7.29.7)':
    dependencies:
      '@babel/core': 7.29.7
      '@babel/helper-module-imports': 7.29.7
      '@babel/helper-validator-identifier': 7.29.7
      '@babel/traverse': 7.29.8
    transitivePeerDependencies:
      - supports-color

  '@babel/helper-plugin-utils@7.29.7': {}

  '@babel/helper-string-parser@7.29.7': {}

  '@babel/helper-validator-identifier@7.29.7': {}

  '@babel/helper-validator-option@7.29.7': {}

  '@babel/helpers@7.29.7':
    dependencies:
      '@babel/template': 7.29.7
      '@babel/types': 7.29.8

  '@babel/parser@7.29.8':
    dependencies:
      '@babel/types': 7.29.8

  '@babel/plugin-syntax-jsx@7.29.7(@babel/core@7.29.7)':
    dependencies:
      '@babel/core': 7.29.7
      '@babel/helper-plugin-utils': 7.29.7

  '@babel/plugin-transform-react-jsx-development@7.29.7(@babel/core@7.29.7)':
    dependencies:
      '@babel/core': 7.29.7
      '@babel/plugin-transform-react-jsx': 7.29.7(@babel/core@7.29.7)
    transitivePeerDependencies:
      - supports-color

  '@babel/plugin-transform-react-jsx-self@7.29.7(@babel/core@7.29.7)':
    dependencies:
      '@babel/core': 7.29.7
      '@babel/helper-plugin-utils': 7.29.7

  '@babel/plugin-transform-react-jsx-source@7.29.7(@babel/core@7.29.7)':
    dependencies:
      '@babel/core': 7.29.7
      '@babel/helper-plugin-utils': 7.29.7

  '@babel/plugin-transform-react-jsx@7.29.7(@babel/core@7.29.7)':
    dependencies:
      '@babel/core': 7.29.7
      '@babel/helper-annotate-as-pure': 7.29.7
      '@babel/helper-module-imports': 7.29.7
      '@babel/helper-plugin-utils': 7.29.7
      '@babel/plugin-syntax-jsx': 7.29.7(@babel/core@7.29.7)
      '@babel/types': 7.29.8
    transitivePeerDependencies:
      - supports-color

  '@babel/template@7.29.7':
    dependencies:
      '@babel/code-frame': 7.29.7
      '@babel/parser': 7.29.8
      '@babel/types': 7.29.8

  '@babel/traverse@7.29.8':
    dependencies:
      '@babel/code-frame': 7.29.7
      '@babel/generator': 7.29.8
      '@babel/helper-globals': 7.29.7
      '@babel/parser': 7.29.8
      '@babel/template': 7.29.7
      '@babel/types': 7.29.8
      debug: 4.4.3
    transitivePeerDependencies:
      - supports-color

  '@babel/types@7.29.8':
    dependencies:
      '@babel/helper-string-parser': 7.29.7
      '@babel/helper-validator-identifier': 7.29.7

  '@esbuild/android-arm@0.15.18':
    optional: true

  '@esbuild/linux-loong64@0.15.18':
    optional: true

  '@jridgewell/gen-mapping@0.3.13':
    dependencies:
      '@jridgewell/sourcemap-codec': 1.5.5
      '@jridgewell/trace-mapping': 0.3.31

  '@jridgewell/remapping@2.3.5':
    dependencies:
      '@jridgewell/gen-mapping': 0.3.13
      '@jridgewell/trace-mapping': 0.3.31

  '@jridgewell/resolve-uri@3.1.2': {}

  '@jridgewell/sourcemap-codec@1.5.5': {}

  '@jridgewell/trace-mapping@0.3.31':
    dependencies:
      '@jridgewell/resolve-uri': 3.1.2
      '@jridgewell/sourcemap-codec': 1.5.5

  '@types/prop-types@15.7.15': {}

  '@types/react-dom@18.3.7(@types/react@18.3.31)':
    dependencies:
      '@types/react': 18.3.31

  '@types/react@18.3.31':
    dependencies:
      '@types/prop-types': 15.7.15
      csstype: 3.2.3

  '@vitejs/plugin-react@2.2.0(vite@3.2.11)':
    dependencies:
      '@babel/core': 7.29.7
      '@babel/plugin-transform-react-jsx': 7.29.7(@babel/core@7.29.7)
      '@babel/plugin-transform-react-jsx-development': 7.29.7(@babel/core@7.29.7)
      '@babel/plugin-transform-react-jsx-self': 7.29.7(@babel/core@7.29.7)
      '@babel/plugin-transform-react-jsx-source': 7.29.7(@babel/core@7.29.7)
      magic-string: 0.26.7
      react-refresh: 0.14.2
      vite: 3.2.11
    transitivePeerDependencies:
      - supports-color

  baseline-browser-mapping@2.11.15: {}

  browserslist@4.28.8:
    dependencies:
      baseline-browser-mapping: 2.11.15
      caniuse-lite: 1.0.30001809
      electron-to-chromium: 1.5.409
      node-releases: 2.0.53
      update-browserslist-db: 1.3.1(browserslist@4.28.8)

  caniuse-lite@1.0.30001809: {}

  convert-source-map@2.0.0: {}

  csstype@3.2.3: {}

  debug@4.4.3:
    dependencies:
      ms: 2.1.3

  electron-to-chromium@1.5.409: {}

  es-errors@1.3.0: {}

  esbuild-android-64@0.15.18:
    optional: true

  esbuild-android-arm64@0.15.18:
    optional: true

  esbuild-darwin-64@0.15.18:
    optional: true

  esbuild-darwin-arm64@0.15.18:
    optional: true

  esbuild-freebsd-64@0.15.18:
    optional: true

  esbuild-freebsd-arm64@0.15.18:
    optional: true

  esbuild-linux-32@0.15.18:
    optional: true

  esbuild-linux-64@0.15.18:
    optional: true

  esbuild-linux-arm64@0.15.18:
    optional: true

  esbuild-linux-arm@0.15.18:
    optional: true

  esbuild-linux-mips64le@0.15.18:
    optional: true

  esbuild-linux-ppc64le@0.15.18:
    optional: true

  esbuild-linux-riscv64@0.15.18:
    optional: true

  esbuild-linux-s390x@0.15.18:
    optional: true

  esbuild-netbsd-64@0.15.18:
    optional: true

  esbuild-openbsd-64@0.15.18:
    optional: true

  esbuild-sunos-64@0.15.18:
    optional: true

  esbuild-windows-32@0.15.18:
    optional: true

  esbuild-windows-64@0.15.18:
    optional: true

  esbuild-windows-arm64@0.15.18:
    optional: true

  esbuild@0.15.18:
    optionalDependencies:
      '@esbuild/android-arm': 0.15.18
      '@esbuild/linux-loong64': 0.15.18
      esbuild-android-64: 0.15.18
      esbuild-android-arm64: 0.15.18
      esbuild-darwin-64: 0.15.18
      esbuild-darwin-arm64: 0.15.18
      esbuild-freebsd-64: 0.15.18
      esbuild-freebsd-arm64: 0.15.18
      esbuild-linux-32: 0.15.18
      esbuild-linux-64: 0.15.18
      esbuild-linux-arm: 0.15.18
      esbuild-linux-arm64: 0.15.18
      esbuild-linux-mips64le: 0.15.18
      esbuild-linux-ppc64le: 0.15.18
      esbuild-linux-riscv64: 0.15.18
      esbuild-linux-s390x: 0.15.18
      esbuild-netbsd-64: 0.15.18
      esbuild-openbsd-64: 0.15.18
      esbuild-sunos-64: 0.15.18
      esbuild-windows-32: 0.15.18
      esbuild-windows-64: 0.15.18
      esbuild-windows-arm64: 0.15.18

  escalade@3.2.0: {}

  fsevents@2.3.3:
    optional: true

  function-bind@1.1.2: {}

  gensync@1.0.0-beta.2: {}

  hasown@2.0.4:
    dependencies:
      function-bind: 1.1.2

  is-core-module@2.16.2:
    dependencies:
      hasown: 2.0.4

  js-tokens@4.0.0: {}

  jsesc@3.1.0: {}

  json5@2.2.3: {}

  loose-envify@1.4.0:
    dependencies:
      js-tokens: 4.0.0

  lru-cache@5.1.1:
    dependencies:
      yallist: 3.1.1

  magic-string@0.26.7:
    dependencies:
      sourcemap-codec: 1.4.8

  ms@2.1.3: {}

  nanoid@3.3.18: {}

  node-releases@2.0.53: {}

  path-parse@1.0.7: {}

  picocolors@1.1.1: {}

  postcss@8.5.26:
    dependencies:
      nanoid: 3.3.18
      picocolors: 1.1.1
      source-map-js: 1.2.1

  react-dom@18.3.1(react@18.3.1):
    dependencies:
      loose-envify: 1.4.0
      react: 18.3.1
      scheduler: 0.23.2

  react-refresh@0.14.2: {}

  react@18.3.1:
    dependencies:
      loose-envify: 1.4.0

  resolve@1.22.12:
    dependencies:
      es-errors: 1.3.0
      is-core-module: 2.16.2
      path-parse: 1.0.7
      supports-preserve-symlinks-flag: 1.0.0

  rollup@2.80.0:
    optionalDependencies:
      fsevents: 2.3.3

  scheduler@0.23.2:
    dependencies:
      loose-envify: 1.4.0

  semver@6.3.1: {}

  source-map-js@1.2.1: {}

  sourcemap-codec@1.4.8: {}

  supports-preserve-symlinks-flag@1.0.0: {}

  update-browserslist-db@1.3.1(browserslist@4.28.8):
    dependencies:
      browserslist: 4.28.8
      escalade: 3.2.0
      picocolors: 1.1.1

  vite@3.2.11:
    dependencies:
      esbuild: 0.15.18
      postcss: 8.5.26
      resolve: 1.22.12
      rollup: 2.80.0
    optionalDependencies:
      fsevents: 2.3.3

  yallist@3.1.1: {}
